
Microsoft Visual Studio Solution File, Format Version 12.00
# Visual Studio 2012
Project("{FAE04EC0-301F-11D3-BF4B-00C04F79EFBC}") = "TimeTrackingApp", "TimeTrackingApp\TimeTrackingApp.csproj", "{3109C878-5652-443D-9DE6-9C12CD283C2C}"
EndProject
Project("{FAE04EC0-301F-11D3-BF4B-00C04F79EFBC}") = "Telerik.TeamPulse.Sdk", "..\..\Source\TeamPulse.Sdk.v1\Telerik.TeamPulse.Sdk.csproj", "{FA46ABB2-2E45-4739-B8A6-E77DAEBE7D48}"
EndProject
Global
	GlobalSection(TeamFoundationVersionControl) = preSolution
		SccNumberOfProjects = 3
		SccEnterpriseProvider = {4CA58AB2-18FA-4F8D-95D4-32DDF27D184C}
		SccTeamFoundationServer = http://tfs.telerik.com:8082/teampulsecollection
		SccLocalPath0 = .
		SccProjectUniqueName1 = TimeTrackingApp\\TimeTrackingApp.csproj
		SccProjectName1 = TimeTrackingApp
		SccLocalPath1 = TimeTrackingApp
		SccProjectUniqueName2 = ..\\..\\Source\\TeamPulse.Sdk.v1\\Telerik.TeamPulse.Sdk.csproj
		SccProjectName2 = ../../Source/TeamPulse.Sdk.v1
		SccLocalPath2 = ..\\..\\Source\\TeamPulse.Sdk.v1
	EndGlobalSection
	GlobalSection(SolutionConfigurationPlatforms) = preSolution
		Debug|Any CPU = Debug|Any CPU
		Debug|Mixed Platforms = Debug|Mixed Platforms
		Debug|x86 = Debug|x86
		Release|Any CPU = Release|Any CPU
		Release|Mixed Platforms = Release|Mixed Platforms
		Release|x86 = Release|x86
		TestWebLinkValidator|Any CPU = TestWebLinkValidator|Any CPU
		TestWebLinkValidator|Mixed Platforms = TestWebLinkValidator|Mixed Platforms
		TestWebLinkValidator|x86 = TestWebLinkValidator|x86
	EndGlobalSection
	GlobalSection(ProjectConfigurationPlatforms) = postSolution
		{3109C878-5652-443D-9DE6-9C12CD283C2C}.Debug|Any CPU.ActiveCfg = Debug|Any CPU
		{3109C878-5652-443D-9DE6-9C12CD283C2C}.Debug|Any CPU.Build.0 = Debug|Any CPU
		{3109C878-5652-443D-9DE6-9C12CD283C2C}.Debug|Mixed Platforms.ActiveCfg = Debug|Any CPU
		{3109C878-5652-443D-9DE6-9C12CD283C2C}.Debug|Mixed Platforms.Build.0 = Debug|Any CPU
		{3109C878-5652-443D-9DE6-9C12CD283C2C}.Debug|x86.ActiveCfg = Debug|Any CPU
		{3109C878-5652-443D-9DE6-9C12CD283C2C}.Release|Any CPU.ActiveCfg = Release|Any CPU
		{3109C878-5652-443D-9DE6-9C12CD283C2C}.Release|Any CPU.Build.0 = Release|Any CPU
		{3109C878-5652-443D-9DE6-9C12CD283C2C}.Release|Mixed Platforms.ActiveCfg = Release|Any CPU
		{3109C878-5652-443D-9DE6-9C12CD283C2C}.Release|Mixed Platforms.Build.0 = Release|Any CPU
		{3109C878-5652-443D-9DE6-9C12CD283C2C}.Release|x86.ActiveCfg = Release|Any CPU
		{3109C878-5652-443D-9DE6-9C12CD283C2C}.TestWebLinkValidator|Any CPU.ActiveCfg = Release|Any CPU
		{3109C878-5652-443D-9DE6-9C12CD283C2C}.TestWebLinkValidator|Any CPU.Build.0 = Release|Any CPU
		{3109C878-5652-443D-9DE6-9C12CD283C2C}.TestWebLinkValidator|Mixed Platforms.ActiveCfg = Release|Any CPU
		{3109C878-5652-443D-9DE6-9C12CD283C2C}.TestWebLinkValidator|Mixed Platforms.Build.0 = Release|Any CPU
		{3109C878-5652-443D-9DE6-9C12CD283C2C}.TestWebLinkValidator|x86.ActiveCfg = Release|Any CPU
		{FA46ABB2-2E45-4739-B8A6-E77DAEBE7D48}.Debug|Any CPU.ActiveCfg = Debug|Any CPU
		{FA46ABB2-2E45-4739-B8A6-E77DAEBE7D48}.Debug|Any CPU.Build.0 = Debug|Any CPU
		{FA46ABB2-2E45-4739-B8A6-E77DAEBE7D48}.Debug|Mixed Platforms.ActiveCfg = Debug|Any CPU
		{FA46ABB2-2E45-4739-B8A6-E77DAEBE7D48}.Debug|Mixed Platforms.Build.0 = Debug|Any CPU
		{FA46ABB2-2E45-4739-B8A6-E77DAEBE7D48}.Debug|x86.ActiveCfg = Debug|Any CPU
		{FA46ABB2-2E45-4739-B8A6-E77DAEBE7D48}.Release|Any CPU.ActiveCfg = Release|Any CPU
		{FA46ABB2-2E45-4739-B8A6-E77DAEBE7D48}.Release|Any CPU.Build.0 = Release|Any CPU
		{FA46ABB2-2E45-4739-B8A6-E77DAEBE7D48}.Release|Mixed Platforms.ActiveCfg = Release|Any CPU
		{FA46ABB2-2E45-4739-B8A6-E77DAEBE7D48}.Release|Mixed Platforms.Build.0 = Release|Any CPU
		{FA46ABB2-2E45-4739-B8A6-E77DAEBE7D48}.Release|x86.ActiveCfg = Release|Any CPU
		{FA46ABB2-2E45-4739-B8A6-E77DAEBE7D48}.TestWebLinkValidator|Any CPU.ActiveCfg = TestWebLinkValidator|Any CPU
		{FA46ABB2-2E45-4739-B8A6-E77DAEBE7D48}.TestWebLinkValidator|Any CPU.Build.0 = TestWebLinkValidator|Any CPU
		{FA46ABB2-2E45-4739-B8A6-E77DAEBE7D48}.TestWebLinkValidator|Mixed Platforms.ActiveCfg = TestWebLinkValidator|Any CPU
		{FA46ABB2-2E45-4739-B8A6-E77DAEBE7D48}.TestWebLinkValidator|Mixed Platforms.Build.0 = TestWebLinkValidator|Any CPU
		{FA46ABB2-2E45-4739-B8A6-E77DAEBE7D48}.TestWebLinkValidator|x86.ActiveCfg = TestWebLinkValidator|Any CPU
	EndGlobalSection
	GlobalSection(SolutionProperties) = preSolution
		HideSolutionNode = FALSE
	EndGlobalSection
EndGlobal
